
Microsoft Visual Studio Solution File, Format Version 12.00
# Visual Studio Version 16
VisualStudioVersion = 16.0.30011.22
MinimumVisualStudioVersion = 10.0.40219.1
Project("{8BC9CEB8-8B4A-11D0-8D11-00A0C91BC942}") = "servertcp", "Project18\Project18.vcxproj", "{3426B02B-7ADB-4F91-B481-E1D1DA669558}"
EndProject
Project("{8BC9CEB8-8B4A-11D0-8D11-00A0C91BC942}") = "clienttcp", "Project1\Project1.vcxproj", "{E4CE842F-E3F1-495A-B477-FF71BA63E416}"
EndProject
Project("{8BC9CEB8-8B4A-11D0-8D11-00A0C91BC942}") = "clientudp", "clientudp\clientudp.vcxproj", "{84AA2042-EBFC-4401-96B5-28BCCD6AF35F}"
EndProject
Project("{8BC9CEB8-8B4A-11D0-8D11-00A0C91BC942}") = "serverudp", "serverudp\serverudp.vcxproj", "{84F98947-C29F-4DA7-82FE-AF601FF5FFD1}"
EndProject
Project("{2150E333-8FDC-42A3-9474-1A3956D46DE8}") = "UNIT1", "UNIT1", "{17C1DF8D-EAF9-48B1-85F0-29EA2CEAB84C}"
EndProject
Global
	GlobalSection(SolutionConfigurationPlatforms) = preSolution
		Debug|x64 = Debug|x64
		Debug|x86 = Debug|x86
		Release|x64 = Release|x64
		Release|x86 = Release|x86
	EndGlobalSection
	GlobalSection(ProjectConfigurationPlatforms) = postSolution
		{3426B02B-7ADB-4F91-B481-E1D1DA669558}.Debug|x64.ActiveCfg = Debug|x64
		{3426B02B-7ADB-4F91-B481-E1D1DA669558}.Debug|x64.Build.0 = Debug|x64
		{3426B02B-7ADB-4F91-B481-E1D1DA669558}.Debug|x86.ActiveCfg = Debug|Win32
		{3426B02B-7ADB-4F91-B481-E1D1DA669558}.Debug|x86.Build.0 = Debug|Win32
		{3426B02B-7ADB-4F91-B481-E1D1DA669558}.Release|x64.ActiveCfg = Release|x64
		{3426B02B-7ADB-4F91-B481-E1D1DA669558}.Release|x64.Build.0 = Release|x64
		{3426B02B-7ADB-4F91-B481-E1D1DA669558}.Release|x86.ActiveCfg = Release|Win32
		{3426B02B-7ADB-4F91-B481-E1D1DA669558}.Release|x86.Build.0 = Release|Win32
		{E4CE842F-E3F1-495A-B477-FF71BA63E416}.Debug|x64.ActiveCfg = Debug|x64
		{E4CE842F-E3F1-495A-B477-FF71BA63E416}.Debug|x64.Build.0 = Debug|x64
		{E4CE842F-E3F1-495A-B477-FF71BA63E416}.Debug|x86.ActiveCfg = Debug|Win32
		{E4CE842F-E3F1-495A-B477-FF71BA63E416}.Debug|x86.Build.0 = Debug|Win32
		{E4CE842F-E3F1-495A-B477-FF71BA63E416}.Release|x64.ActiveCfg = Release|x64
		{E4CE842F-E3F1-495A-B477-FF71BA63E416}.Release|x64.Build.0 = Release|x64
		{E4CE842F-E3F1-495A-B477-FF71BA63E416}.Release|x86.ActiveCfg = Release|Win32
		{E4CE842F-E3F1-495A-B477-FF71BA63E416}.Release|x86.Build.0 = Release|Win32
		{84AA2042-EBFC-4401-96B5-28BCCD6AF35F}.Debug|x64.ActiveCfg = Debug|x64
		{84AA2042-EBFC-4401-96B5-28BCCD6AF35F}.Debug|x64.Build.0 = Debug|x64
		{84AA2042-EBFC-4401-96B5-28BCCD6AF35F}.Debug|x86.ActiveCfg = Debug|Win32
		{84AA2042-EBFC-4401-96B5-28BCCD6AF35F}.Debug|x86.Build.0 = Debug|Win32
		{84AA2042-EBFC-4401-96B5-28BCCD6AF35F}.Release|x64.ActiveCfg = Release|x64
		{84AA2042-EBFC-4401-96B5-28BCCD6AF35F}.Release|x64.Build.0 = Release|x64
		{84AA2042-EBFC-4401-96B5-28BCCD6AF35F}.Release|x86.ActiveCfg = Release|Win32
		{84AA2042-EBFC-4401-96B5-28BCCD6AF35F}.Release|x86.Build.0 = Release|Win32
		{84F98947-C29F-4DA7-82FE-AF601FF5FFD1}.Debug|x64.ActiveCfg = Debug|x64
		{84F98947-C29F-4DA7-82FE-AF601FF5FFD1}.Debug|x64.Build.0 = Debug|x64
		{84F98947-C29F-4DA7-82FE-AF601FF5FFD1}.Debug|x86.ActiveCfg = Debug|Win32
		{84F98947-C29F-4DA7-82FE-AF601FF5FFD1}.Debug|x86.Build.0 = Debug|Win32
		{84F98947-C29F-4DA7-82FE-AF601FF5FFD1}.Release|x64.ActiveCfg = Release|x64
		{84F98947-C29F-4DA7-82FE-AF601FF5FFD1}.Release|x64.Build.0 = Release|x64
		{84F98947-C29F-4DA7-82FE-AF601FF5FFD1}.Release|x86.ActiveCfg = Release|Win32
		{84F98947-C29F-4DA7-82FE-AF601FF5FFD1}.Release|x86.Build.0 = Release|Win32
	EndGlobalSection
	GlobalSection(SolutionProperties) = preSolution
		HideSolutionNode = FALSE
	EndGlobalSection
	GlobalSection(NestedProjects) = preSolution
		{3426B02B-7ADB-4F91-B481-E1D1DA669558} = {17C1DF8D-EAF9-48B1-85F0-29EA2CEAB84C}
		{E4CE842F-E3F1-495A-B477-FF71BA63E416} = {17C1DF8D-EAF9-48B1-85F0-29EA2CEAB84C}
		{84AA2042-EBFC-4401-96B5-28BCCD6AF35F} = {17C1DF8D-EAF9-48B1-85F0-29EA2CEAB84C}
		{84F98947-C29F-4DA7-82FE-AF601FF5FFD1} = {17C1DF8D-EAF9-48B1-85F0-29EA2CEAB84C}
	EndGlobalSection
	GlobalSection(ExtensibilityGlobals) = postSolution
		SolutionGuid = {DCA5F8E5-1B46-4694-BA1F-7294B5BCFD46}
	EndGlobalSection
EndGlobal
